
Microsoft Visual Studio Solution File, Format Version 12.00
# Visual Studio Version 16
VisualStudioVersion = 16.0.31624.102
MinimumVisualStudioVersion = 10.0.40219.1
Project("{FAE04EC0-301F-11D3-BF4B-00C04F79EFBC}") = "BlockBusterWebApp", "BlockBusterWebApp\BlockBusterWebApp.csproj", "{FD289752-97D6-4CAA-BC18-D29AC059D3C8}"
EndProject
Global
	GlobalSection(SolutionConfigurationPlatforms) = preSolution
		Debug|Any CPU = Debug|Any CPU
		Release|Any CPU = Release|Any CPU
	EndGlobalSection
	GlobalSection(ProjectConfigurationPlatforms) = postSolution
		{FD289752-97D6-4CAA-BC18-D29AC059D3C8}.Debug|Any CPU.ActiveCfg = Debug|Any CPU
		{FD289752-97D6-4CAA-BC18-D29AC059D3C8}.Debug|Any CPU.Build.0 = Debug|Any CPU
		{FD289752-97D6-4CAA-BC18-D29AC059D3C8}.Release|Any CPU.ActiveCfg = Release|Any CPU
		{FD289752-97D6-4CAA-BC18-D29AC059D3C8}.Release|Any CPU.Build.0 = Release|Any CPU
	EndGlobalSection
	GlobalSection(SolutionProperties) = preSolution
		HideSolutionNode = FALSE
	EndGlobalSection
	GlobalSection(ExtensibilityGlobals) = postSolution
		SolutionGuid = {E51A1585-9551-42B3-BE89-4CE96F6A1CB1}
	EndGlobalSection
EndGlobal
