
Microsoft Visual Studio Solution File, Format Version 12.00
# Visual Studio Version 16
VisualStudioVersion = 16.0.31702.126
MinimumVisualStudioVersion = 10.0.40219.1
Project("{9A19103F-16F7-4668-BE54-9A1E7A4F7556}") = "BookstoreWebApp", "BookstoreWebApp\BookstoreWebApp.csproj", "{51EEDB7B-7125-454B-BF00-8DEEBE46F47C}"
EndProject
Project("{9A19103F-16F7-4668-BE54-9A1E7A4F7556}") = "BookStore.Library", "..\BookStore.Library\BookStore.Library.csproj", "{99C28E3F-F907-4C06-8679-9AFA989FE84F}"
EndProject
Global
	GlobalSection(SolutionConfigurationPlatforms) = preSolution
		Debug|Any CPU = Debug|Any CPU
		Release|Any CPU = Release|Any CPU
	EndGlobalSection
	GlobalSection(ProjectConfigurationPlatforms) = postSolution
		{51EEDB7B-7125-454B-BF00-8DEEBE46F47C}.Debug|Any CPU.ActiveCfg = Debug|Any CPU
		{51EEDB7B-7125-454B-BF00-8DEEBE46F47C}.Debug|Any CPU.Build.0 = Debug|Any CPU
		{51EEDB7B-7125-454B-BF00-8DEEBE46F47C}.Release|Any CPU.ActiveCfg = Release|Any CPU
		{51EEDB7B-7125-454B-BF00-8DEEBE46F47C}.Release|Any CPU.Build.0 = Release|Any CPU
		{99C28E3F-F907-4C06-8679-9AFA989FE84F}.Debug|Any CPU.ActiveCfg = Debug|Any CPU
		{99C28E3F-F907-4C06-8679-9AFA989FE84F}.Debug|Any CPU.Build.0 = Debug|Any CPU
		{99C28E3F-F907-4C06-8679-9AFA989FE84F}.Release|Any CPU.ActiveCfg = Release|Any CPU
		{99C28E3F-F907-4C06-8679-9AFA989FE84F}.Release|Any CPU.Build.0 = Release|Any CPU
	EndGlobalSection
	GlobalSection(SolutionProperties) = preSolution
		HideSolutionNode = FALSE
	EndGlobalSection
	GlobalSection(ExtensibilityGlobals) = postSolution
		SolutionGuid = {9704F200-4FF1-4F38-8E03-6DCAC2FAA24D}
	EndGlobalSection
EndGlobal
